{
  "name": "ose-auditor",
  "version": "1.0.13",
  "lockfileVersion": 3,
  "requires": true,
  "packages": {
    "": {
      "name": "ose-auditor",
      "version": "1.0.13",
      "license": "MIT",
      "bin": {
        "ose": "ose.js",
        "ose-audit": "ose.js"
      },
      "engines": {
        "node": ">=16"
      }
    }
  }
}
